{
  "name": "pack-unpack",
  "version": "1.0.0",
  "lockfileVersion": 1,
  "requires": true,
  "dependencies": {
    "base-58": {
      "version": "0.0.1",
      "resolved": "https://registry.npmjs.org/base-58/-/base-58-0.0.1.tgz",
      "integrity": "sha1-hdPnAlEHVmGTM4j4MdHri49jFOM="
    },
    "base-x": {
      "version": "3.0.5",
      "resolved": "https://registry.npmjs.org/base-x/-/base-x-3.0.5.tgz",
      "integrity": "sha512-C3picSgzPSLE+jW3tcBzJoGwitOtazb5B+5YmAxZm2ybmTi9LNgAtDO/jjVEBZwHoXmDBZ9m/IELj3elJVRBcA==",
      "requires": {
        "safe-buffer": "^5.0.1"
      }
    },
    "bs58": {
      "version": "4.0.1",
      "resolved": "https://registry.npmjs.org/bs58/-/bs58-4.0.1.tgz",
      "integrity": "sha1-vhYedsNU9veIrkBx9j806MTwpCo=",
      "requires": {
        "base-x": "^3.0.2"
      }
    },
    "libsodium": {
      "version": "0.7.3",
      "resolved": "https://registry.npmjs.org/libsodium/-/libsodium-0.7.3.tgz",
      "integrity": "sha512-ld+deUNqSsZYbAobUs63UyduPq8ICp/Ul/5lbvBIYpuSNWpPRU0PIxbW+xXipVZtuopR6fIz9e0tTnNuPMNeqw=="
    },
    "libsodium-wrappers": {
      "version": "0.7.3",
      "resolved": "https://registry.npmjs.org/libsodium-wrappers/-/libsodium-wrappers-0.7.3.tgz",
      "integrity": "sha512-dw5Jh6TZ5qc5rQVZe3JrSO/J05CE+DmAPnqD7Q2glBUE969xZ6o3fchnUxyPlp6ss3x0MFxmdJntveFN+XTg1g==",
      "requires": {
        "libsodium": "0.7.3"
      }
    },
    "safe-buffer": {
      "version": "5.1.2",
      "resolved": "https://registry.npmjs.org/safe-buffer/-/safe-buffer-5.1.2.tgz",
      "integrity": "sha512-Gd2UZBJDkXlY7GbJxfsE8/nvKkUEU1G38c1siN6QP6a9PT9MmHB8GnpscSmMJSoF8LOIrt8ud/wPtojys4G6+g=="
    }
  }
}
